
Microsoft Visual Studio Solution File, Format Version 12.00
# Visual Studio Version 16
VisualStudioVersion = 16.0.30011.22
MinimumVisualStudioVersion = 10.0.40219.1
Project("{FAE04EC0-301F-11D3-BF4B-00C04F79EFBC}") = "Semester", "Semester\Semester.csproj", "{FCF6C58E-650C-4E3A-A5DC-0CB8D265FE4E}"
EndProject
Global
	GlobalSection(SolutionConfigurationPlatforms) = preSolution
		Debug|Any CPU = Debug|Any CPU
		Release|Any CPU = Release|Any CPU
	EndGlobalSection
	GlobalSection(ProjectConfigurationPlatforms) = postSolution
		{FCF6C58E-650C-4E3A-A5DC-0CB8D265FE4E}.Debug|Any CPU.ActiveCfg = Debug|Any CPU
		{FCF6C58E-650C-4E3A-A5DC-0CB8D265FE4E}.Debug|Any CPU.Build.0 = Debug|Any CPU
		{FCF6C58E-650C-4E3A-A5DC-0CB8D265FE4E}.Release|Any CPU.ActiveCfg = Release|Any CPU
		{FCF6C58E-650C-4E3A-A5DC-0CB8D265FE4E}.Release|Any CPU.Build.0 = Release|Any CPU
	EndGlobalSection
	GlobalSection(SolutionProperties) = preSolution
		HideSolutionNode = FALSE
	EndGlobalSection
	GlobalSection(ExtensibilityGlobals) = postSolution
		SolutionGuid = {DA6064EF-365F-42DD-844C-0549DD6FE455}
	EndGlobalSection
EndGlobal
